// !$*UTF8*$!
{
	archiveVersion = 1;
	classes = {
	};
	objectVersion = 50;
	objects = {

/* Begin PBXBuildFile section */
		731D67FD2107E76B00E987EA /* AppDelegate.swift in Sources */ = {isa = PBXBuildFile; fileRef = 731D67FC2107E76B00E987EA /* AppDelegate.swift */; };
		731D67FF2107E76B00E987EA /* CalendarViewController.swift in Sources */ = {isa = PBXBuildFile; fileRef = 731D67FE2107E76B00E987EA /* CalendarViewController.swift */; };
		731D68022107E76B00E987EA /* Main.storyboard in Resources */ = {isa = PBXBuildFile; fileRef = 731D68002107E76B00E987EA /* Main.storyboard */; };
		731D68052107E76B00E987EA /* MoodLogger.xcdatamodeld in Sources */ = {isa = PBXBuildFile; fileRef = 731D68032107E76B00E987EA /* MoodLogger.xcdatamodeld */; };
		731D68072107E76C00E987EA /* Assets.xcassets in Resources */ = {isa = PBXBuildFile; fileRef = 731D68062107E76C00E987EA /* Assets.xcassets */; };
		731D680A2107E76C00E987EA /* LaunchScreen.storyboard in Resources */ = {isa = PBXBuildFile; fileRef = 731D68082107E76C00E987EA /* LaunchScreen.storyboard */; };
		731D68122107ECB700E987EA /* CoreDataHelper.swift in Sources */ = {isa = PBXBuildFile; fileRef = 731D68112107ECB700E987EA /* CoreDataHelper.swift */; };
		733BF17F210F93D7006E04A2 /* Date+convertToString.swift in Sources */ = {isa = PBXBuildFile; fileRef = 733BF17E210F93D7006E04A2 /* Date+convertToString.swift */; };
		733BF181210F953B006E04A2 /* HomeScreenViewController.swift in Sources */ = {isa = PBXBuildFile; fileRef = 733BF180210F953B006E04A2 /* HomeScreenViewController.swift */; };
		733BF184210F9F6E006E04A2 /* NotesViewController.swift in Sources */ = {isa = PBXBuildFile; fileRef = 733BF183210F9F6E006E04A2 /* NotesViewController.swift */; };
		7378B803211227D10055ED1B /* calendar.png in Resources */ = {isa = PBXBuildFile; fileRef = 7378B802211227D00055ED1B /* calendar.png */; };
		7378B806211231F00055ED1B /* Entry+Moods.swift in Sources */ = {isa = PBXBuildFile; fileRef = 7378B805211231F00055ED1B /* Entry+Moods.swift */; };
		73A7E230211114F500DE8CDB /* AceSans-Demo.otf in Resources */ = {isa = PBXBuildFile; fileRef = 73A7E22F211114F500DE8CDB /* AceSans-Demo.otf */; };
		73A7E2322111150100DE8CDB /* Roboto-Thin.ttf in Resources */ = {isa = PBXBuildFile; fileRef = 73A7E2312111150000DE8CDB /* Roboto-Thin.ttf */; };
		73A7E23421111CE200DE8CDB /* Roboto-Light.ttf in Resources */ = {isa = PBXBuildFile; fileRef = 73A7E23321111CE100DE8CDB /* Roboto-Light.ttf */; };
		73A7E23621111CEE00DE8CDB /* Roboto-Black.ttf in Resources */ = {isa = PBXBuildFile; fileRef = 73A7E23521111CED00DE8CDB /* Roboto-Black.ttf */; };
		73A7E23821111CFA00DE8CDB /* Roboto-Bold.ttf in Resources */ = {isa = PBXBuildFile; fileRef = 73A7E23721111CF800DE8CDB /* Roboto-Bold.ttf */; };
		73A7E23A21111D0500DE8CDB /* Roboto-Medium.ttf in Resources */ = {isa = PBXBuildFile; fileRef = 73A7E23921111D0300DE8CDB /* Roboto-Medium.ttf */; };
		73A7E23C21111F4B00DE8CDB /* GeosansLight.ttf in Resources */ = {isa = PBXBuildFile; fileRef = 73A7E23B21111F4A00DE8CDB /* GeosansLight.ttf */; };
		73A7E23E21111F5600DE8CDB /* The Brooklyn Smooth.otf in Resources */ = {isa = PBXBuildFile; fileRef = 73A7E23D21111F5500DE8CDB /* The Brooklyn Smooth.otf */; };
		73A7E24021111F6200DE8CDB /* The Brooklyn Smooth Bold Demo.ttf in Resources */ = {isa = PBXBuildFile; fileRef = 73A7E23F21111F6100DE8CDB /* The Brooklyn Smooth Bold Demo.ttf */; };
		73A7E24221111F6C00DE8CDB /* LANENAR_.ttf in Resources */ = {isa = PBXBuildFile; fileRef = 73A7E24121111F6B00DE8CDB /* LANENAR_.ttf */; };
		73A7E24421111F8F00DE8CDB /* Champagne & Limousines.ttf in Resources */ = {isa = PBXBuildFile; fileRef = 73A7E24321111F8E00DE8CDB /* Champagne & Limousines.ttf */; };
		73A7E24621111F9700DE8CDB /* Champagne & Limousines Bold.ttf in Resources */ = {isa = PBXBuildFile; fileRef = 73A7E24521111F9600DE8CDB /* Champagne & Limousines Bold.ttf */; };
		73A7E24821111FA200DE8CDB /* CaviarDreams.ttf in Resources */ = {isa = PBXBuildFile; fileRef = 73A7E24721111FA100DE8CDB /* CaviarDreams.ttf */; };
		73A7E24A21111FAC00DE8CDB /* CaviarDreams_Bold.ttf in Resources */ = {isa = PBXBuildFile; fileRef = 73A7E24921111FAB00DE8CDB /* CaviarDreams_Bold.ttf */; };
		73A7E24C21111FB700DE8CDB /* Banks&MilesSingleLine.ttf in Resources */ = {isa = PBXBuildFile; fileRef = 73A7E24B21111FB600DE8CDB /* Banks&MilesSingleLine.ttf */; };
		73B52BDB210E58BB0050D87E /* MoodTableViewCell.swift in Sources */ = {isa = PBXBuildFile; fileRef = 73B52BDA210E58BB0050D87E /* MoodTableViewCell.swift */; };
		73CFDB4F21091A1300F92DB1 /* Custom Cell.swift in Sources */ = {isa = PBXBuildFile; fileRef = 73CFDB4E21091A1300F92DB1 /* Custom Cell.swift */; };
		C9423370B4B16A9F18595CDC /* Pods_MoodLogger.framework in Frameworks */ = {isa = PBXBuildFile; fileRef = C0E550D3B41BDF42165B7CFF /* Pods_MoodLogger.framework */; };
/* End PBXBuildFile section */

/* Begin PBXFileReference section */
		731D67F92107E76B00E987EA /* MoodLogger.app */ = {isa = PBXFileReference; explicitFileType = wrapper.application; includeInIndex = 0; path = MoodLogger.app; sourceTree = BUILT_PRODUCTS_DIR; };
		731D67FC2107E76B00E987EA /* AppDelegate.swift */ = {isa = PBXFileReference; lastKnownFileType = sourcecode.swift; path = AppDelegate.swift; sourceTree = "<group>"; };
		731D67FE2107E76B00E987EA /* CalendarViewController.swift */ = {isa = PBXFileReference; lastKnownFileType = sourcecode.swift; path = CalendarViewController.swift; sourceTree = "<group>"; };
		731D68012107E76B00E987EA /* Base */ = {isa = PBXFileReference; lastKnownFileType = file.storyboard; name = Base; path = Base.lproj/Main.storyboard; sourceTree = "<group>"; };
		731D68042107E76B00E987EA /* MoodLogger.xcdatamodel */ = {isa = PBXFileReference; lastKnownFileType = wrapper.xcdatamodel; path = MoodLogger.xcdatamodel; sourceTree = "<group>"; };
		731D68062107E76C00E987EA /* Assets.xcassets */ = {isa = PBXFileReference; lastKnownFileType = folder.assetcatalog; path = Assets.xcassets; sourceTree = "<group>"; };
		731D68092107E76C00E987EA /* Base */ = {isa = PBXFileReference; lastKnownFileType = file.storyboard; name = Base; path = Base.lproj/LaunchScreen.storyboard; sourceTree = "<group>"; };
		731D680B2107E76C00E987EA /* Info.plist */ = {isa = PBXFileReference; lastKnownFileType = text.plist.xml; path = Info.plist; sourceTree = "<group>"; };
		731D68112107ECB700E987EA /* CoreDataHelper.swift */ = {isa = PBXFileReference; lastKnownFileType = sourcecode.swift; path = CoreDataHelper.swift; sourceTree = "<group>"; };
		733BF17E210F93D7006E04A2 /* Date+convertToString.swift */ = {isa = PBXFileReference; fileEncoding = 4; lastKnownFileType = sourcecode.swift; path = "Date+convertToString.swift"; sourceTree = "<group>"; };
		733BF180210F953B006E04A2 /* HomeScreenViewController.swift */ = {isa = PBXFileReference; lastKnownFileType = sourcecode.swift; path = HomeScreenViewController.swift; sourceTree = "<group>"; };
		733BF183210F9F6E006E04A2 /* NotesViewController.swift */ = {isa = PBXFileReference; lastKnownFileType = sourcecode.swift; path = NotesViewController.swift; sourceTree = "<group>"; };
		7378B802211227D00055ED1B /* calendar.png */ = {isa = PBXFileReference; lastKnownFileType = image.png; path = calendar.png; sourceTree = "<group>"; };
		7378B805211231F00055ED1B /* Entry+Moods.swift */ = {isa = PBXFileReference; lastKnownFileType = sourcecode.swift; path = "Entry+Moods.swift"; sourceTree = "<group>"; };
		73A7E22F211114F500DE8CDB /* AceSans-Demo.otf */ = {isa = PBXFileReference; lastKnownFileType = file; path = "AceSans-Demo.otf"; sourceTree = "<group>"; };
		73A7E2312111150000DE8CDB /* Roboto-Thin.ttf */ = {isa = PBXFileReference; lastKnownFileType = file; path = "Roboto-Thin.ttf"; sourceTree = "<group>"; };
		73A7E23321111CE100DE8CDB /* Roboto-Light.ttf */ = {isa = PBXFileReference; lastKnownFileType = file; path = "Roboto-Light.ttf"; sourceTree = "<group>"; };
		73A7E23521111CED00DE8CDB /* Roboto-Black.ttf */ = {isa = PBXFileReference; lastKnownFileType = file; path = "Roboto-Black.ttf"; sourceTree = "<group>"; };
		73A7E23721111CF800DE8CDB /* Roboto-Bold.ttf */ = {isa = PBXFileReference; lastKnownFileType = file; path = "Roboto-Bold.ttf"; sourceTree = "<group>"; };
		73A7E23921111D0300DE8CDB /* Roboto-Medium.ttf */ = {isa = PBXFileReference; lastKnownFileType = file; path = "Roboto-Medium.ttf"; sourceTree = "<group>"; };
		73A7E23B21111F4A00DE8CDB /* GeosansLight.ttf */ = {isa = PBXFileReference; lastKnownFileType = file; path = GeosansLight.ttf; sourceTree = "<group>"; };
		73A7E23D21111F5500DE8CDB /* The Brooklyn Smooth.otf */ = {isa = PBXFileReference; lastKnownFileType = file; path = "The Brooklyn Smooth.otf"; sourceTree = "<group>"; };
		73A7E23F21111F6100DE8CDB /* The Brooklyn Smooth Bold Demo.ttf */ = {isa = PBXFileReference; lastKnownFileType = file; path = "The Brooklyn Smooth Bold Demo.ttf"; sourceTree = "<group>"; };
		73A7E24121111F6B00DE8CDB /* LANENAR_.ttf */ = {isa = PBXFileReference; lastKnownFileType = file; path = LANENAR_.ttf; sourceTree = "<group>"; };
		73A7E24321111F8E00DE8CDB /* Champagne & Limousines.ttf */ = {isa = PBXFileReference; lastKnownFileType = file; path = "Champagne & Limousines.ttf"; sourceTree = "<group>"; };
		73A7E24521111F9600DE8CDB /* Champagne & Limousines Bold.ttf */ = {isa = PBXFileReference; lastKnownFileType = file; path = "Champagne & Limousines Bold.ttf"; sourceTree = "<group>"; };
		73A7E24721111FA100DE8CDB /* CaviarDreams.ttf */ = {isa = PBXFileReference; lastKnownFileType = file; path = CaviarDreams.ttf; sourceTree = "<group>"; };
		73A7E24921111FAB00DE8CDB /* CaviarDreams_Bold.ttf */ = {isa = PBXFileReference; lastKnownFileType = file; path = CaviarDreams_Bold.ttf; sourceTree = "<group>"; };
		73A7E24B21111FB600DE8CDB /* Banks&MilesSingleLine.ttf */ = {isa = PBXFileReference; lastKnownFileType = file; path = "Banks&MilesSingleLine.ttf"; sourceTree = "<group>"; };
		73B52BDA210E58BB0050D87E /* MoodTableViewCell.swift */ = {isa = PBXFileReference; lastKnownFileType = sourcecode.swift; path = MoodTableViewCell.swift; sourceTree = "<group>"; };
		73CFDB4E21091A1300F92DB1 /* Custom Cell.swift */ = {isa = PBXFileReference; lastKnownFileType = sourcecode.swift; path = "Custom Cell.swift"; sourceTree = "<group>"; };
		918D9CBE1CAE59D7ADD23ECE /* Pods-MoodLogger.release.xcconfig */ = {isa = PBXFileReference; includeInIndex = 1; lastKnownFileType = text.xcconfig; name = "Pods-MoodLogger.release.xcconfig"; path = "Pods/Target Support Files/Pods-MoodLogger/Pods-MoodLogger.release.xcconfig"; sourceTree = "<group>"; };
		C0E550D3B41BDF42165B7CFF /* Pods_MoodLogger.framework */ = {isa = PBXFileReference; explicitFileType = wrapper.framework; includeInIndex = 0; path = Pods_MoodLogger.framework; sourceTree = BUILT_PRODUCTS_DIR; };
		D3C54BB1930B94C549237282 /* Pods-MoodLogger.debug.xcconfig */ = {isa = PBXFileReference; includeInIndex = 1; lastKnownFileType = text.xcconfig; name = "Pods-MoodLogger.debug.xcconfig"; path = "Pods/Target Support Files/Pods-MoodLogger/Pods-MoodLogger.debug.xcconfig"; sourceTree = "<group>"; };
/* End PBXFileReference section */

/* Begin PBXFrameworksBuildPhase section */
		731D67F62107E76B00E987EA /* Frameworks */ = {
			isa = PBXFrameworksBuildPhase;
			buildActionMask = 2147483647;
			files = (
				C9423370B4B16A9F18595CDC /* Pods_MoodLogger.framework in Frameworks */,
			);
			runOnlyForDeploymentPostprocessing = 0;
		};
/* End PBXFrameworksBuildPhase section */

/* Begin PBXGroup section */
		731756ED2111148A00FFC517 /* Fonts */ = {
			isa = PBXGroup;
			children = (
				73A7E22F211114F500DE8CDB /* AceSans-Demo.otf */,
				73A7E2312111150000DE8CDB /* Roboto-Thin.ttf */,
				73A7E23521111CED00DE8CDB /* Roboto-Black.ttf */,
				73A7E23321111CE100DE8CDB /* Roboto-Light.ttf */,
				73A7E23721111CF800DE8CDB /* Roboto-Bold.ttf */,
				73A7E23921111D0300DE8CDB /* Roboto-Medium.ttf */,
				73A7E23B21111F4A00DE8CDB /* GeosansLight.ttf */,
				73A7E23D21111F5500DE8CDB /* The Brooklyn Smooth.otf */,
				73A7E23F21111F6100DE8CDB /* The Brooklyn Smooth Bold Demo.ttf */,
				73A7E24121111F6B00DE8CDB /* LANENAR_.ttf */,
				73A7E24321111F8E00DE8CDB /* Champagne & Limousines.ttf */,
				73A7E24521111F9600DE8CDB /* Champagne & Limousines Bold.ttf */,
				73A7E24721111FA100DE8CDB /* CaviarDreams.ttf */,
				73A7E24921111FAB00DE8CDB /* CaviarDreams_Bold.ttf */,
				73A7E24B21111FB600DE8CDB /* Banks&MilesSingleLine.ttf */,
			);
			path = Fonts;
			sourceTree = "<group>";
		};
		731D67F02107E76B00E987EA = {
			isa = PBXGroup;
			children = (
				731D67FB2107E76B00E987EA /* MoodLogger */,
				731D67FA2107E76B00E987EA /* Products */,
				EE7898D7B6808DA7967C400E /* Pods */,
				B1CC1047E62F0BD454556805 /* Frameworks */,
			);
			sourceTree = "<group>";
		};
		731D67FA2107E76B00E987EA /* Products */ = {
			isa = PBXGroup;
			children = (
				731D67F92107E76B00E987EA /* MoodLogger.app */,
			);
			name = Products;
			sourceTree = "<group>";
		};
		731D67FB2107E76B00E987EA /* MoodLogger */ = {
			isa = PBXGroup;
			children = (
				731D67FC2107E76B00E987EA /* AppDelegate.swift */,
				731D67FE2107E76B00E987EA /* CalendarViewController.swift */,
				733BF180210F953B006E04A2 /* HomeScreenViewController.swift */,
				733BF183210F9F6E006E04A2 /* NotesViewController.swift */,
				731D68002107E76B00E987EA /* Main.storyboard */,
				7378B802211227D00055ED1B /* calendar.png */,
				731D68062107E76C00E987EA /* Assets.xcassets */,
				731D68082107E76C00E987EA /* LaunchScreen.storyboard */,
				731D680B2107E76C00E987EA /* Info.plist */,
				731D68032107E76B00E987EA /* MoodLogger.xcdatamodeld */,
				731D68112107ECB700E987EA /* CoreDataHelper.swift */,
				73CFDB4E21091A1300F92DB1 /* Custom Cell.swift */,
				7378B804211231CD0055ED1B /* Models */,
				733BF182210F95F6006E04A2 /* Extensions */,
				733BF178210F775E006E04A2 /* Views */,
				731756ED2111148A00FFC517 /* Fonts */,
			);
			path = MoodLogger;
			sourceTree = "<group>";
		};
		733BF178210F775E006E04A2 /* Views */ = {
			isa = PBXGroup;
			children = (
				73B52BDA210E58BB0050D87E /* MoodTableViewCell.swift */,
			);
			path = Views;
			sourceTree = "<group>";
		};
		733BF182210F95F6006E04A2 /* Extensions */ = {
			isa = PBXGroup;
			children = (
				733BF17E210F93D7006E04A2 /* Date+convertToString.swift */,
			);
			path = Extensions;
			sourceTree = "<group>";
		};
		7378B804211231CD0055ED1B /* Models */ = {
			isa = PBXGroup;
			children = (
				7378B805211231F00055ED1B /* Entry+Moods.swift */,
			);
			path = Models;
			sourceTree = "<group>";
		};
		B1CC1047E62F0BD454556805 /* Frameworks */ = {
			isa = PBXGroup;
			children = (
				C0E550D3B41BDF42165B7CFF /* Pods_MoodLogger.framework */,
			);
			name = Frameworks;
			sourceTree = "<group>";
		};
		EE7898D7B6808DA7967C400E /* Pods */ = {
			isa = PBXGroup;
			children = (
				D3C54BB1930B94C549237282 /* Pods-MoodLogger.debug.xcconfig */,
				918D9CBE1CAE59D7ADD23ECE /* Pods-MoodLogger.release.xcconfig */,
			);
			name = Pods;
			sourceTree = "<group>";
		};
/* End PBXGroup section */

/* Begin PBXNativeTarget section */
		731D67F82107E76B00E987EA /* MoodLogger */ = {
			isa = PBXNativeTarget;
			buildConfigurationList = 731D680E2107E76C00E987EA /* Build configuration list for PBXNativeTarget "MoodLogger" */;
			buildPhases = (
				E0BF5B7127C0DA92448CCE39 /* [CP] Check Pods Manifest.lock */,
				731D67F52107E76B00E987EA /* Sources */,
				731D67F62107E76B00E987EA /* Frameworks */,
				731D67F72107E76B00E987EA /* Resources */,
				F13895982E66A214FCE51322 /* [CP] Embed Pods Frameworks */,
			);
			buildRules = (
			);
			dependencies = (
			);
			name = MoodLogger;
			productName = MoodLogger;
			productReference = 731D67F92107E76B00E987EA /* MoodLogger.app */;
			productType = "com.apple.product-type.application";
		};
/* End PBXNativeTarget section */

/* Begin PBXProject section */
		731D67F12107E76B00E987EA /* Project object */ = {
			isa = PBXProject;
			attributes = {
				LastSwiftUpdateCheck = 0940;
				LastUpgradeCheck = 0940;
				ORGANIZATIONNAME = "Make School";
				TargetAttributes = {
					731D67F82107E76B00E987EA = {
						CreatedOnToolsVersion = 9.4.1;
					};
				};
			};
			buildConfigurationList = 731D67F42107E76B00E987EA /* Build configuration list for PBXProject "MoodLogger" */;
			compatibilityVersion = "Xcode 9.3";
			developmentRegion = en;
			hasScannedForEncodings = 0;
			knownRegions = (
				en,
				Base,
			);
			mainGroup = 731D67F02107E76B00E987EA;
			productRefGroup = 731D67FA2107E76B00E987EA /* Products */;
			projectDirPath = "";
			projectRoot = "";
			targets = (
				731D67F82107E76B00E987EA /* MoodLogger */,
			);
		};
/* End PBXProject section */

/* Begin PBXResourcesBuildPhase section */
		731D67F72107E76B00E987EA /* Resources */ = {
			isa = PBXResourcesBuildPhase;
			buildActionMask = 2147483647;
			files = (
				73A7E24C21111FB700DE8CDB /* Banks&MilesSingleLine.ttf in Resources */,
				731D680A2107E76C00E987EA /* LaunchScreen.storyboard in Resources */,
				731D68072107E76C00E987EA /* Assets.xcassets in Resources */,
				73A7E24021111F6200DE8CDB /* The Brooklyn Smooth Bold Demo.ttf in Resources */,
				7378B803211227D10055ED1B /* calendar.png in Resources */,
				73A7E24221111F6C00DE8CDB /* LANENAR_.ttf in Resources */,
				73A7E24421111F8F00DE8CDB /* Champagne & Limousines.ttf in Resources */,
				73A7E23C21111F4B00DE8CDB /* GeosansLight.ttf in Resources */,
				73A7E23421111CE200DE8CDB /* Roboto-Light.ttf in Resources */,
				731D68022107E76B00E987EA /* Main.storyboard in Resources */,
				73A7E23621111CEE00DE8CDB /* Roboto-Black.ttf in Resources */,
				73A7E23E21111F5600DE8CDB /* The Brooklyn Smooth.otf in Resources */,
				73A7E24621111F9700DE8CDB /* Champagne & Limousines Bold.ttf in Resources */,
				73A7E2322111150100DE8CDB /* Roboto-Thin.ttf in Resources */,
				73A7E23821111CFA00DE8CDB /* Roboto-Bold.ttf in Resources */,
				73A7E230211114F500DE8CDB /* AceSans-Demo.otf in Resources */,
				73A7E24A21111FAC00DE8CDB /* CaviarDreams_Bold.ttf in Resources */,
				73A7E24821111FA200DE8CDB /* CaviarDreams.ttf in Resources */,
				73A7E23A21111D0500DE8CDB /* Roboto-Medium.ttf in Resources */,
			);
			runOnlyForDeploymentPostprocessing = 0;
		};
/* End PBXResourcesBuildPhase section */

/* Begin PBXShellScriptBuildPhase section */
		E0BF5B7127C0DA92448CCE39 /* [CP] Check Pods Manifest.lock */ = {
			isa = PBXShellScriptBuildPhase;
			buildActionMask = 2147483647;
			files = (
			);
			inputPaths = (
				"${PODS_PODFILE_DIR_PATH}/Podfile.lock",
				"${PODS_ROOT}/Manifest.lock",
			);
			name = "[CP] Check Pods Manifest.lock";
			outputPaths = (
				"$(DERIVED_FILE_DIR)/Pods-MoodLogger-checkManifestLockResult.txt",
			);
			runOnlyForDeploymentPostprocessing = 0;
			shellPath = /bin/sh;
			shellScript = "diff \"${PODS_PODFILE_DIR_PATH}/Podfile.lock\" \"${PODS_ROOT}/Manifest.lock\" > /dev/null\nif [ $? != 0 ] ; then\n    # print error to STDERR\n    echo \"error: The sandbox is not in sync with the Podfile.lock. Run 'pod install' or update your CocoaPods installation.\" >&2\n    exit 1\nfi\n# This output is used by Xcode 'outputs' to avoid re-running this script phase.\necho \"SUCCESS\" > \"${SCRIPT_OUTPUT_FILE_0}\"\n";
			showEnvVarsInLog = 0;
		};
		F13895982E66A214FCE51322 /* [CP] Embed Pods Frameworks */ = {
			isa = PBXShellScriptBuildPhase;
			buildActionMask = 2147483647;
			files = (
			);
			inputPaths = (
				"${SRCROOT}/Pods/Target Support Files/Pods-MoodLogger/Pods-MoodLogger-frameworks.sh",
				"${BUILT_PRODUCTS_DIR}/JTAppleCalendar/JTAppleCalendar.framework",
			);
			name = "[CP] Embed Pods Frameworks";
			outputPaths = (
				"${TARGET_BUILD_DIR}/${FRAMEWORKS_FOLDER_PATH}/JTAppleCalendar.framework",
			);
			runOnlyForDeploymentPostprocessing = 0;
			shellPath = /bin/sh;
			shellScript = "\"${SRCROOT}/Pods/Target Support Files/Pods-MoodLogger/Pods-MoodLogger-frameworks.sh\"\n";
			showEnvVarsInLog = 0;
		};
/* End PBXShellScriptBuildPhase section */

/* Begin PBXSourcesBuildPhase section */
		731D67F52107E76B00E987EA /* Sources */ = {
			isa = PBXSourcesBuildPhase;
			buildActionMask = 2147483647;
			files = (
				73B52BDB210E58BB0050D87E /* MoodTableViewCell.swift in Sources */,
				733BF17F210F93D7006E04A2 /* Date+convertToString.swift in Sources */,
				731D68052107E76B00E987EA /* MoodLogger.xcdatamodeld in Sources */,
				731D67FF2107E76B00E987EA /* CalendarViewController.swift in Sources */,
				733BF181210F953B006E04A2 /* HomeScreenViewController.swift in Sources */,
				733BF184210F9F6E006E04A2 /* NotesViewController.swift in Sources */,
				731D68122107ECB700E987EA /* CoreDataHelper.swift in Sources */,
				7378B806211231F00055ED1B /* Entry+Moods.swift in Sources */,
				731D67FD2107E76B00E987EA /* AppDelegate.swift in Sources */,
				73CFDB4F21091A1300F92DB1 /* Custom Cell.swift in Sources */,
			);
			runOnlyForDeploymentPostprocessing = 0;
		};
/* End PBXSourcesBuildPhase section */

/* Begin PBXVariantGroup section */
		731D68002107E76B00E987EA /* Main.storyboard */ = {
			isa = PBXVariantGroup;
			children = (
				731D68012107E76B00E987EA /* Base */,
			);
			name = Main.storyboard;
			sourceTree = "<group>";
		};
		731D68082107E76C00E987EA /* LaunchScreen.storyboard */ = {
			isa = PBXVariantGroup;
			children = (
				731D68092107E76C00E987EA /* Base */,
			);
			name = LaunchScreen.storyboard;
			sourceTree = "<group>";
		};
/* End PBXVariantGroup section */

/* Begin XCBuildConfiguration section */
		731D680C2107E76C00E987EA /* Debug */ = {
			isa = XCBuildConfiguration;
			buildSettings = {
				ALWAYS_SEARCH_USER_PATHS = NO;
				CLANG_ANALYZER_NONNULL = YES;
				CLANG_ANALYZER_NUMBER_OBJECT_CONVERSION = YES_AGGRESSIVE;
				CLANG_CXX_LANGUAGE_STANDARD = "gnu++14";
				CLANG_CXX_LIBRARY = "libc++";
				CLANG_ENABLE_MODULES = YES;
				CLANG_ENABLE_OBJC_ARC = YES;
				CLANG_ENABLE_OBJC_WEAK = YES;
				CLANG_WARN_BLOCK_CAPTURE_AUTORELEASING = YES;
				CLANG_WARN_BOOL_CONVERSION = YES;
				CLANG_WARN_COMMA = YES;
				CLANG_WARN_CONSTANT_CONVERSION = YES;
				CLANG_WARN_DEPRECATED_OBJC_IMPLEMENTATIONS = YES;
				CLANG_WARN_DIRECT_OBJC_ISA_USAGE = YES_ERROR;
				CLANG_WARN_DOCUMENTATION_COMMENTS = YES;
				CLANG_WARN_EMPTY_BODY = YES;
				CLANG_WARN_ENUM_CONVERSION = YES;
				CLANG_WARN_INFINITE_RECURSION = YES;
				CLANG_WARN_INT_CONVERSION = YES;
				CLANG_WARN_NON_LITERAL_NULL_CONVERSION = YES;
				CLANG_WARN_OBJC_IMPLICIT_RETAIN_SELF = YES;
				CLANG_WARN_OBJC_LITERAL_CONVERSION = YES;
				CLANG_WARN_OBJC_ROOT_CLASS = YES_ERROR;
				CLANG_WARN_RANGE_LOOP_ANALYSIS = YES;
				CLANG_WARN_STRICT_PROTOTYPES = YES;
				CLANG_WARN_SUSPICIOUS_MOVE = YES;
				CLANG_WARN_UNGUARDED_AVAILABILITY = YES_AGGRESSIVE;
				CLANG_WARN_UNREACHABLE_CODE = YES;
				CLANG_WARN__DUPLICATE_METHOD_MATCH = YES;
				CODE_SIGN_IDENTITY = "iPhone Developer";
				COPY_PHASE_STRIP = NO;
				DEBUG_INFORMATION_FORMAT = dwarf;
				ENABLE_STRICT_OBJC_MSGSEND = YES;
				ENABLE_TESTABILITY = YES;
				GCC_C_LANGUAGE_STANDARD = gnu11;
				GCC_DYNAMIC_NO_PIC = NO;
				GCC_NO_COMMON_BLOCKS = YES;
				GCC_OPTIMIZATION_LEVEL = 0;
				GCC_PREPROCESSOR_DEFINITIONS = (
					"DEBUG=1",
					"$(inherited)",
				);
				GCC_WARN_64_TO_32_BIT_CONVERSION = YES;
				GCC_WARN_ABOUT_RETURN_TYPE = YES_ERROR;
				GCC_WARN_UNDECLARED_SELECTOR = YES;
				GCC_WARN_UNINITIALIZED_AUTOS = YES_AGGRESSIVE;
				GCC_WARN_UNUSED_FUNCTION = YES;
				GCC_WARN_UNUSED_VARIABLE = YES;
				IPHONEOS_DEPLOYMENT_TARGET = 11.4;
				MTL_ENABLE_DEBUG_INFO = YES;
				ONLY_ACTIVE_ARCH = YES;
				SDKROOT = iphoneos;
				SWIFT_ACTIVE_COMPILATION_CONDITIONS = DEBUG;
				SWIFT_OPTIMIZATION_LEVEL = "-Onone";
			};
			name = Debug;
		};
		731D680D2107E76C00E987EA /* Release */ = {
			isa = XCBuildConfiguration;
			buildSettings = {
				ALWAYS_SEARCH_USER_PATHS = NO;
				CLANG_ANALYZER_NONNULL = YES;
				CLANG_ANALYZER_NUMBER_OBJECT_CONVERSION = YES_AGGRESSIVE;
				CLANG_CXX_LANGUAGE_STANDARD = "gnu++14";
				CLANG_CXX_LIBRARY = "libc++";
				CLANG_ENABLE_MODULES = YES;
				CLANG_ENABLE_OBJC_ARC = YES;
				CLANG_ENABLE_OBJC_WEAK = YES;
				CLANG_WARN_BLOCK_CAPTURE_AUTORELEASING = YES;
				CLANG_WARN_BOOL_CONVERSION = YES;
				CLANG_WARN_COMMA = YES;
				CLANG_WARN_CONSTANT_CONVERSION = YES;
				CLANG_WARN_DEPRECATED_OBJC_IMPLEMENTATIONS = YES;
				CLANG_WARN_DIRECT_OBJC_ISA_USAGE = YES_ERROR;
				CLANG_WARN_DOCUMENTATION_COMMENTS = YES;
				CLANG_WARN_EMPTY_BODY = YES;
				CLANG_WARN_ENUM_CONVERSION = YES;
				CLANG_WARN_INFINITE_RECURSION = YES;
				CLANG_WARN_INT_CONVERSION = YES;
				CLANG_WARN_NON_LITERAL_NULL_CONVERSION = YES;
				CLANG_WARN_OBJC_IMPLICIT_RETAIN_SELF = YES;
				CLANG_WARN_OBJC_LITERAL_CONVERSION = YES;
				CLANG_WARN_OBJC_ROOT_CLASS = YES_ERROR;
				CLANG_WARN_RANGE_LOOP_ANALYSIS = YES;
				CLANG_WARN_STRICT_PROTOTYPES = YES;
				CLANG_WARN_SUSPICIOUS_MOVE = YES;
				CLANG_WARN_UNGUARDED_AVAILABILITY = YES_AGGRESSIVE;
				CLANG_WARN_UNREACHABLE_CODE = YES;
				CLANG_WARN__DUPLICATE_METHOD_MATCH = YES;
				CODE_SIGN_IDENTITY = "iPhone Developer";
				COPY_PHASE_STRIP = NO;
				DEBUG_INFORMATION_FORMAT = "dwarf-with-dsym";
				ENABLE_NS_ASSERTIONS = NO;
				ENABLE_STRICT_OBJC_MSGSEND = YES;
				GCC_C_LANGUAGE_STANDARD = gnu11;
				GCC_NO_COMMON_BLOCKS = YES;
				GCC_WARN_64_TO_32_BIT_CONVERSION = YES;
				GCC_WARN_ABOUT_RETURN_TYPE = YES_ERROR;
				GCC_WARN_UNDECLARED_SELECTOR = YES;
				GCC_WARN_UNINITIALIZED_AUTOS = YES_AGGRESSIVE;
				GCC_WARN_UNUSED_FUNCTION = YES;
				GCC_WARN_UNUSED_VARIABLE = YES;
				IPHONEOS_DEPLOYMENT_TARGET = 11.4;
				MTL_ENABLE_DEBUG_INFO = NO;
				SDKROOT = iphoneos;
				SWIFT_COMPILATION_MODE = wholemodule;
				SWIFT_OPTIMIZATION_LEVEL = "-O";
				VALIDATE_PRODUCT = YES;
			};
			name = Release;
		};
		731D680F2107E76C00E987EA /* Debug */ = {
			isa = XCBuildConfiguration;
			baseConfigurationReference = D3C54BB1930B94C549237282 /* Pods-MoodLogger.debug.xcconfig */;
			buildSettings = {
				ASSETCATALOG_COMPILER_APPICON_NAME = AppIcon;
				CODE_SIGN_STYLE = Automatic;
				DEVELOPMENT_TEAM = 2RQYJZ4FX3;
				INFOPLIST_FILE = MoodLogger/Info.plist;
				LD_RUNPATH_SEARCH_PATHS = (
					"$(inherited)",
					"@executable_path/Frameworks",
				);
				PRODUCT_BUNDLE_IDENTIFIER = com.makeschool.MoodLogger;
				PRODUCT_NAME = "$(TARGET_NAME)";
				SWIFT_VERSION = 4.0;
				TARGETED_DEVICE_FAMILY = "1,2";
			};
			name = Debug;
		};
		731D68102107E76C00E987EA /* Release */ = {
			isa = XCBuildConfiguration;
			baseConfigurationReference = 918D9CBE1CAE59D7ADD23ECE /* Pods-MoodLogger.release.xcconfig */;
			buildSettings = {
				ASSETCATALOG_COMPILER_APPICON_NAME = AppIcon;
				CODE_SIGN_STYLE = Automatic;
				DEVELOPMENT_TEAM = 2RQYJZ4FX3;
				INFOPLIST_FILE = MoodLogger/Info.plist;
				LD_RUNPATH_SEARCH_PATHS = (
					"$(inherited)",
					"@executable_path/Frameworks",
				);
				PRODUCT_BUNDLE_IDENTIFIER = com.makeschool.MoodLogger;
				PRODUCT_NAME = "$(TARGET_NAME)";
				SWIFT_VERSION = 4.0;
				TARGETED_DEVICE_FAMILY = "1,2";
			};
			name = Release;
		};
/* End XCBuildConfiguration section */

/* Begin XCConfigurationList section */
		731D67F42107E76B00E987EA /* Build configuration list for PBXProject "MoodLogger" */ = {
			isa = XCConfigurationList;
			buildConfigurations = (
				731D680C2107E76C00E987EA /* Debug */,
				731D680D2107E76C00E987EA /* Release */,
			);
			defaultConfigurationIsVisible = 0;
			defaultConfigurationName = Release;
		};
		731D680E2107E76C00E987EA /* Build configuration list for PBXNativeTarget "MoodLogger" */ = {
			isa = XCConfigurationList;
			buildConfigurations = (
				731D680F2107E76C00E987EA /* Debug */,
				731D68102107E76C00E987EA /* Release */,
			);
			defaultConfigurationIsVisible = 0;
			defaultConfigurationName = Release;
		};
/* End XCConfigurationList section */

/* Begin XCVersionGroup section */
		731D68032107E76B00E987EA /* MoodLogger.xcdatamodeld */ = {
			isa = XCVersionGroup;
			children = (
				731D68042107E76B00E987EA /* MoodLogger.xcdatamodel */,
			);
			currentVersion = 731D68042107E76B00E987EA /* MoodLogger.xcdatamodel */;
			path = MoodLogger.xcdatamodeld;
			sourceTree = "<group>";
			versionGroupType = wrapper.xcdatamodel;
		};
/* End XCVersionGroup section */
	};
	rootObject = 731D67F12107E76B00E987EA /* Project object */;
}
